
Microsoft Visual Studio Solution File, Format Version 12.00
# Visual Studio Version 16
VisualStudioVersion = 16.0.31019.35
MinimumVisualStudioVersion = 10.0.40219.1
Project("{9A19103F-16F7-4668-BE54-9A1E7A4F7556}") = "nyssKursovoyReact", "nyssKursovoyReact.csproj", "{09EF6878-DCFF-456A-BDD0-CD39C84ADCFB}"
EndProject
Global
	GlobalSection(SolutionConfigurationPlatforms) = preSolution
		Debug|Any CPU = Debug|Any CPU
		Release|Any CPU = Release|Any CPU
	EndGlobalSection
	GlobalSection(ProjectConfigurationPlatforms) = postSolution
		{09EF6878-DCFF-456A-BDD0-CD39C84ADCFB}.Debug|Any CPU.ActiveCfg = Debug|Any CPU
		{09EF6878-DCFF-456A-BDD0-CD39C84ADCFB}.Debug|Any CPU.Build.0 = Debug|Any CPU
		{09EF6878-DCFF-456A-BDD0-CD39C84ADCFB}.Release|Any CPU.ActiveCfg = Release|Any CPU
		{09EF6878-DCFF-456A-BDD0-CD39C84ADCFB}.Release|Any CPU.Build.0 = Release|Any CPU
	EndGlobalSection
	GlobalSection(SolutionProperties) = preSolution
		HideSolutionNode = FALSE
	EndGlobalSection
	GlobalSection(ExtensibilityGlobals) = postSolution
		SolutionGuid = {70CD3997-1879-4BAF-9D2F-77833610C28E}
	EndGlobalSection
EndGlobal
